
Microsoft Visual Studio Solution File, Format Version 12.00
Project("{FAE04EC0-301F-11D3-BF4B-00C04F79EFBC}") = "SomeLibrary", "SomeLibrary\SomeLibrary.csproj", "{66D0520A-5B65-47E1-AAFA-0531151F1DDC}"
EndProject
Global
	GlobalSection(SolutionConfigurationPlatforms) = preSolution
		Debug|Any CPU = Debug|Any CPU
		Release|Any CPU = Release|Any CPU
	EndGlobalSection
	GlobalSection(ProjectConfigurationPlatforms) = postSolution
		{66D0520A-5B65-47E1-AAFA-0531151F1DDC}.Debug|Any CPU.ActiveCfg = Debug|Any CPU
		{66D0520A-5B65-47E1-AAFA-0531151F1DDC}.Debug|Any CPU.Build.0 = Debug|Any CPU
		{66D0520A-5B65-47E1-AAFA-0531151F1DDC}.Release|Any CPU.ActiveCfg = Release|Any CPU
		{66D0520A-5B65-47E1-AAFA-0531151F1DDC}.Release|Any CPU.Build.0 = Release|Any CPU
	EndGlobalSection
EndGlobal
